
Microsoft Visual Studio Solution File, Format Version 12.00
# Visual Studio Version 17
VisualStudioVersion = 17.3.32819.101
MinimumVisualStudioVersion = 10.0.40219.1
Project("{FAE04EC0-301F-11D3-BF4B-00C04F79EFBC}") = "Ivko.Bss.V2", "WpfApp1\Ivko.Bss.V2.csproj", "{711EC617-0B10-4AE8-BF4D-CA061F23C018}"
EndProject
Global
	GlobalSection(SolutionConfigurationPlatforms) = preSolution
		Debug|Any CPU = Debug|Any CPU
		Release|Any CPU = Release|Any CPU
	EndGlobalSection
	GlobalSection(ProjectConfigurationPlatforms) = postSolution
		{711EC617-0B10-4AE8-BF4D-CA061F23C018}.Debug|Any CPU.ActiveCfg = Debug|Any CPU
		{711EC617-0B10-4AE8-BF4D-CA061F23C018}.Debug|Any CPU.Build.0 = Debug|Any CPU
		{711EC617-0B10-4AE8-BF4D-CA061F23C018}.Release|Any CPU.ActiveCfg = Release|Any CPU
		{711EC617-0B10-4AE8-BF4D-CA061F23C018}.Release|Any CPU.Build.0 = Release|Any CPU
	EndGlobalSection
	GlobalSection(SolutionProperties) = preSolution
		HideSolutionNode = FALSE
	EndGlobalSection
	GlobalSection(ExtensibilityGlobals) = postSolution
		SolutionGuid = {154AAA5E-73D8-47CA-92B3-1380783AEE21}
	EndGlobalSection
EndGlobal
